
Microsoft Visual Studio Solution File, Format Version 12.00
# Visual Studio Version 16
VisualStudioVersion = 16.0.30011.22
MinimumVisualStudioVersion = 10.0.40219.1
Project("{9A19103F-16F7-4668-BE54-9A1E7A4F7556}") = "Cyf.NetCore", "Cyf.NetCore\Cyf.NetCore.csproj", "{1491DB00-398A-403B-9936-F8E9871B83D5}"
EndProject
Project("{9A19103F-16F7-4668-BE54-9A1E7A4F7556}") = "Cyf.Core.Utility", "Cyf.Core.Utility\Cyf.Core.Utility.csproj", "{FD46798C-E9C9-436E-B12A-A1589DD0CB09}"
EndProject
Project("{9A19103F-16F7-4668-BE54-9A1E7A4F7556}") = "Cyf.NetCore.Interface", "Cyf.NetCore.Interface\Cyf.NetCore.Interface.csproj", "{72C71561-ADE5-42DA-98FD-59808A2EFB7C}"
EndProject
Project("{9A19103F-16F7-4668-BE54-9A1E7A4F7556}") = "Cyf.NetCore.Service", "Cyf.NetCore.Service\Cyf.NetCore.Service.csproj", "{74D2C4A2-BFC3-4964-BEB2-10B725F147B6}"
EndProject
Project("{9A19103F-16F7-4668-BE54-9A1E7A4F7556}") = "Cyf.EF.MYSQL.Model", "Cyf.EntityFramework.Model\Cyf.EF.MYSQL.Model.csproj", "{CCE9F353-FBCE-4FD9-951D-0FC25D0B9C8B}"
EndProject
Project("{2150E333-8FDC-42A3-9474-1A3956D46DE8}") = "EntityFrameworkCore", "EntityFrameworkCore", "{73B6EFAE-866B-49D7-BE8D-169949F92EB3}"
EndProject
Project("{9A19103F-16F7-4668-BE54-9A1E7A4F7556}") = "Cyf.EF.MSSQL.Model", "Cyf.EF.MSSQL.Model\Cyf.EF.MSSQL.Model.csproj", "{48E96D8A-FC0B-4A53-8D58-4DFA958ABA2E}"
EndProject
Project("{FAE04EC0-301F-11D3-BF4B-00C04F79EFBC}") = "Cyf.EF.Temperary.Model", "Cyf.EF.Temperary.Model\Cyf.EF.Temperary.Model.csproj", "{DF4D8795-0521-43B9-97B7-AE0AC8102396}"
EndProject
Project("{9A19103F-16F7-4668-BE54-9A1E7A4F7556}") = "Cyf.EF.Business", "Cyf.EF.Business\Cyf.EF.Business.csproj", "{AAEE5CD7-93A5-4120-BE11-36399EEF1178}"
EndProject
Project("{9A19103F-16F7-4668-BE54-9A1E7A4F7556}") = "Cyf.EF.Interface", "Cyf.EF.Interface\Cyf.EF.Interface.csproj", "{4889A404-6218-4481-978A-B0E4C884A8FA}"
EndProject
Project("{9A19103F-16F7-4668-BE54-9A1E7A4F7556}") = "Cyf.OcelotGateway", "Cyf.OcelotGateway\Cyf.OcelotGateway.csproj", "{7C813A95-CAD9-411B-9DDA-EE06406CC1A6}"
EndProject
Project("{9A19103F-16F7-4668-BE54-9A1E7A4F7556}") = "Cyf.IdentityServer4", "Cyf.AuthorizationServer\Cyf.IdentityServer4.csproj", "{02E56BE2-ACF2-4DD3-9BCF-3F24DD598D2E}"
EndProject
Project("{2150E333-8FDC-42A3-9474-1A3956D46DE8}") = "MicroService", "MicroService", "{B6CAA534-95CC-4149-8213-B6BE723A9F03}"
EndProject
Project("{9A19103F-16F7-4668-BE54-9A1E7A4F7556}") = "Cyf.MicroService.Core", "Cyf.MicroService.Core\Cyf.MicroService.Core.csproj", "{016E0338-E375-404A-94F7-EEC978A1B040}"
EndProject
Project("{9A19103F-16F7-4668-BE54-9A1E7A4F7556}") = "Cyf.MicroService.Test", "Cyf.MicroService.Test\Cyf.MicroService.Test.csproj", "{1739CF12-68D9-4FD5-B716-AC8EE746AF29}"
EndProject
Project("{9A19103F-16F7-4668-BE54-9A1E7A4F7556}") = "Cyf.MicroService.TeamService", "Cyf.MicroService.TeamService\Cyf.MicroService.TeamService.csproj", "{1E2740F1-CE0C-49FF-9824-D639820F7341}"
EndProject
Project("{9A19103F-16F7-4668-BE54-9A1E7A4F7556}") = "Cyf.MicroService.Gateway", "Cyf.MicroService.Gateway\Cyf.MicroService.Gateway.csproj", "{E00C3E53-2BDA-4E5A-80B4-F6CC9D17FC0A}"
EndProject
Project("{2150E333-8FDC-42A3-9474-1A3956D46DE8}") = "Logger", "Logger", "{2CDB0969-410C-4A2F-8090-955AF106CF14}"
EndProject
Project("{FAE04EC0-301F-11D3-BF4B-00C04F79EFBC}") = "Cyf.Log4net", "Cyf.Log4net\Cyf.Log4net.csproj", "{046A8F86-02EE-49D0-BAC0-71C46C323CB6}"
EndProject
Project("{2150E333-8FDC-42A3-9474-1A3956D46DE8}") = "WebApi", "WebApi", "{24DB1EF6-F027-444A-9B4E-AA3D39558480}"
EndProject
Project("{FAE04EC0-301F-11D3-BF4B-00C04F79EFBC}") = "Cyf.WebApiCore", "Cyf.WebApiCore\Cyf.WebApiCore.csproj", "{92449AA8-7641-448A-9763-6EF23055E408}"
EndProject
Project("{2150E333-8FDC-42A3-9474-1A3956D46DE8}") = "Helpers", "Helpers", "{A65D29CB-09EB-4C16-96F6-F20C9772A401}"
EndProject
Project("{9A19103F-16F7-4668-BE54-9A1E7A4F7556}") = "Helpers.AopHelper", "Helpers\Helpers.AopHelper\Helpers.AopHelper.csproj", "{CE45E190-5585-494B-AC13-A3525D003715}"
EndProject
Project("{9A19103F-16F7-4668-BE54-9A1E7A4F7556}") = "Helpers.AutoMapperHelper", "Helpers\Helpers.AutoMapperHelper\Helpers.AutoMapperHelper.csproj", "{740DECB6-55C3-4C6D-9AA4-DB259CB875F6}"
EndProject
Project("{9A19103F-16F7-4668-BE54-9A1E7A4F7556}") = "Helpers.Caching", "Helpers\Helpers.Cache\Helpers.Caching.csproj", "{347B281A-C7AC-453A-A360-B4AFFB66E320}"
EndProject
Project("{9A19103F-16F7-4668-BE54-9A1E7A4F7556}") = "Helpers.CommonUtils", "Helpers\Helpers.CommonUtils\Helpers.CommonUtils.csproj", "{002103FC-7BD3-444B-96B3-C6B12FF6A2E9}"
EndProject
Project("{9A19103F-16F7-4668-BE54-9A1E7A4F7556}") = "Helpers.ConfigHelper", "Helpers\Helpers.ConfigHelper\Helpers.ConfigHelper.csproj", "{7B918F02-EDC2-4B41-9892-8E56036ED30B}"
EndProject
Project("{9A19103F-16F7-4668-BE54-9A1E7A4F7556}") = "Helpers.HttpHelper", "Helpers\Helpers.HttpHelper\Helpers.HttpHelper.csproj", "{61C5E8E5-6462-46C7-BCDF-9851A7543620}"
EndProject
Project("{9A19103F-16F7-4668-BE54-9A1E7A4F7556}") = "Helpers.MailHelper", "Helpers\Helpers.MailHelper\Helpers.MailHelper.csproj", "{CBCDE437-F045-4BF1-B538-36977E6883D2}"
EndProject
Project("{9A19103F-16F7-4668-BE54-9A1E7A4F7556}") = "Helpers.MongoHelper", "Helpers\Helpers.MongoHelper\Helpers.MongoHelper.csproj", "{B8409B6E-CEBD-4FB9-9D1E-04565A6C1D15}"
EndProject
Project("{9A19103F-16F7-4668-BE54-9A1E7A4F7556}") = "Helpers.RabbitMqHelper", "Helpers\Helpers.RabbitMqHelper\Helpers.RabbitMqHelper.csproj", "{8A38B5F5-426D-4F45-A690-CB0C8859A497}"
EndProject
Project("{9A19103F-16F7-4668-BE54-9A1E7A4F7556}") = "Helpers.Redis", "Helpers\Helpers.Redis\Helpers.Redis.csproj", "{D4B15045-2F9F-4931-94CD-580CC6A9EE5C}"
EndProject
Project("{9A19103F-16F7-4668-BE54-9A1E7A4F7556}") = "Helpers.SecurityHelper", "Helpers\Helpers.SecurityHelper\Helpers.SecurityHelper.csproj", "{D33A9B67-9E0F-4CCC-A9BE-D47477D54276}"
EndProject
Project("{9A19103F-16F7-4668-BE54-9A1E7A4F7556}") = "Helpers.SerilogHelper", "Helpers\Helpers.SerilogHelper\Helpers.SerilogHelper.csproj", "{7085D4FE-04B4-4584-B123-4A998861B337}"
EndProject
Project("{9A19103F-16F7-4668-BE54-9A1E7A4F7556}") = "Helpers.SwaggerHelper", "Helpers\Helpers.SwaggerHelper\Helpers.SwaggerHelper.csproj", "{AF720832-E5F7-4962-915F-97B15B77D542}"
EndProject
Project("{9A19103F-16F7-4668-BE54-9A1E7A4F7556}") = "Helpers.WebHelper", "Helpers\Helpers.WebHelper\Helpers.WebHelper.csproj", "{0378B0BC-E06F-45F4-A2F2-7EAEE6F8C57B}"
EndProject
Project("{9A19103F-16F7-4668-BE54-9A1E7A4F7556}") = "Helpers.PollyHelper", "Helpers\PollyHelper\Helpers.PollyHelper.csproj", "{F3F4AFA1-997E-4072-B301-22E069BCB4A5}"
EndProject
Project("{9A19103F-16F7-4668-BE54-9A1E7A4F7556}") = "Helpers.SearchHelper", "Helpers\SearchHelper\Helpers.SearchHelper.csproj", "{553CE1A0-B5D5-4FD8-888B-DA6FB0831816}"
EndProject
Global
	GlobalSection(SolutionConfigurationPlatforms) = preSolution
		Debug|Any CPU = Debug|Any CPU
		Release|Any CPU = Release|Any CPU
	EndGlobalSection
	GlobalSection(ProjectConfigurationPlatforms) = postSolution
		{1491DB00-398A-403B-9936-F8E9871B83D5}.Debug|Any CPU.ActiveCfg = Debug|Any CPU
		{1491DB00-398A-403B-9936-F8E9871B83D5}.Debug|Any CPU.Build.0 = Debug|Any CPU
		{1491DB00-398A-403B-9936-F8E9871B83D5}.Release|Any CPU.ActiveCfg = Release|Any CPU
		{1491DB00-398A-403B-9936-F8E9871B83D5}.Release|Any CPU.Build.0 = Release|Any CPU
		{FD46798C-E9C9-436E-B12A-A1589DD0CB09}.Debug|Any CPU.ActiveCfg = Debug|Any CPU
		{FD46798C-E9C9-436E-B12A-A1589DD0CB09}.Debug|Any CPU.Build.0 = Debug|Any CPU
		{FD46798C-E9C9-436E-B12A-A1589DD0CB09}.Release|Any CPU.ActiveCfg = Release|Any CPU
		{FD46798C-E9C9-436E-B12A-A1589DD0CB09}.Release|Any CPU.Build.0 = Release|Any CPU
		{72C71561-ADE5-42DA-98FD-59808A2EFB7C}.Debug|Any CPU.ActiveCfg = Debug|Any CPU
		{72C71561-ADE5-42DA-98FD-59808A2EFB7C}.Debug|Any CPU.Build.0 = Debug|Any CPU
		{72C71561-ADE5-42DA-98FD-59808A2EFB7C}.Release|Any CPU.ActiveCfg = Release|Any CPU
		{72C71561-ADE5-42DA-98FD-59808A2EFB7C}.Release|Any CPU.Build.0 = Release|Any CPU
		{74D2C4A2-BFC3-4964-BEB2-10B725F147B6}.Debug|Any CPU.ActiveCfg = Debug|Any CPU
		{74D2C4A2-BFC3-4964-BEB2-10B725F147B6}.Debug|Any CPU.Build.0 = Debug|Any CPU
		{74D2C4A2-BFC3-4964-BEB2-10B725F147B6}.Release|Any CPU.ActiveCfg = Release|Any CPU
		{74D2C4A2-BFC3-4964-BEB2-10B725F147B6}.Release|Any CPU.Build.0 = Release|Any CPU
		{CCE9F353-FBCE-4FD9-951D-0FC25D0B9C8B}.Debug|Any CPU.ActiveCfg = Debug|Any CPU
		{CCE9F353-FBCE-4FD9-951D-0FC25D0B9C8B}.Debug|Any CPU.Build.0 = Debug|Any CPU
		{CCE9F353-FBCE-4FD9-951D-0FC25D0B9C8B}.Release|Any CPU.ActiveCfg = Release|Any CPU
		{CCE9F353-FBCE-4FD9-951D-0FC25D0B9C8B}.Release|Any CPU.Build.0 = Release|Any CPU
		{48E96D8A-FC0B-4A53-8D58-4DFA958ABA2E}.Debug|Any CPU.ActiveCfg = Debug|Any CPU
		{48E96D8A-FC0B-4A53-8D58-4DFA958ABA2E}.Debug|Any CPU.Build.0 = Debug|Any CPU
		{48E96D8A-FC0B-4A53-8D58-4DFA958ABA2E}.Release|Any CPU.ActiveCfg = Release|Any CPU
		{48E96D8A-FC0B-4A53-8D58-4DFA958ABA2E}.Release|Any CPU.Build.0 = Release|Any CPU
		{DF4D8795-0521-43B9-97B7-AE0AC8102396}.Debug|Any CPU.ActiveCfg = Debug|Any CPU
		{DF4D8795-0521-43B9-97B7-AE0AC8102396}.Debug|Any CPU.Build.0 = Debug|Any CPU
		{DF4D8795-0521-43B9-97B7-AE0AC8102396}.Release|Any CPU.ActiveCfg = Release|Any CPU
		{DF4D8795-0521-43B9-97B7-AE0AC8102396}.Release|Any CPU.Build.0 = Release|Any CPU
		{AAEE5CD7-93A5-4120-BE11-36399EEF1178}.Debug|Any CPU.ActiveCfg = Debug|Any CPU
		{AAEE5CD7-93A5-4120-BE11-36399EEF1178}.Debug|Any CPU.Build.0 = Debug|Any CPU
		{AAEE5CD7-93A5-4120-BE11-36399EEF1178}.Release|Any CPU.ActiveCfg = Release|Any CPU
		{AAEE5CD7-93A5-4120-BE11-36399EEF1178}.Release|Any CPU.Build.0 = Release|Any CPU
		{4889A404-6218-4481-978A-B0E4C884A8FA}.Debug|Any CPU.ActiveCfg = Debug|Any CPU
		{4889A404-6218-4481-978A-B0E4C884A8FA}.Debug|Any CPU.Build.0 = Debug|Any CPU
		{4889A404-6218-4481-978A-B0E4C884A8FA}.Release|Any CPU.ActiveCfg = Release|Any CPU
		{4889A404-6218-4481-978A-B0E4C884A8FA}.Release|Any CPU.Build.0 = Release|Any CPU
		{7C813A95-CAD9-411B-9DDA-EE06406CC1A6}.Debug|Any CPU.ActiveCfg = Debug|Any CPU
		{7C813A95-CAD9-411B-9DDA-EE06406CC1A6}.Debug|Any CPU.Build.0 = Debug|Any CPU
		{7C813A95-CAD9-411B-9DDA-EE06406CC1A6}.Release|Any CPU.ActiveCfg = Release|Any CPU
		{7C813A95-CAD9-411B-9DDA-EE06406CC1A6}.Release|Any CPU.Build.0 = Release|Any CPU
		{02E56BE2-ACF2-4DD3-9BCF-3F24DD598D2E}.Debug|Any CPU.ActiveCfg = Debug|Any CPU
		{02E56BE2-ACF2-4DD3-9BCF-3F24DD598D2E}.Debug|Any CPU.Build.0 = Debug|Any CPU
		{02E56BE2-ACF2-4DD3-9BCF-3F24DD598D2E}.Release|Any CPU.ActiveCfg = Release|Any CPU
		{02E56BE2-ACF2-4DD3-9BCF-3F24DD598D2E}.Release|Any CPU.Build.0 = Release|Any CPU
		{016E0338-E375-404A-94F7-EEC978A1B040}.Debug|Any CPU.ActiveCfg = Debug|Any CPU
		{016E0338-E375-404A-94F7-EEC978A1B040}.Debug|Any CPU.Build.0 = Debug|Any CPU
		{016E0338-E375-404A-94F7-EEC978A1B040}.Release|Any CPU.ActiveCfg = Release|Any CPU
		{016E0338-E375-404A-94F7-EEC978A1B040}.Release|Any CPU.Build.0 = Release|Any CPU
		{1739CF12-68D9-4FD5-B716-AC8EE746AF29}.Debug|Any CPU.ActiveCfg = Debug|Any CPU
		{1739CF12-68D9-4FD5-B716-AC8EE746AF29}.Debug|Any CPU.Build.0 = Debug|Any CPU
		{1739CF12-68D9-4FD5-B716-AC8EE746AF29}.Release|Any CPU.ActiveCfg = Release|Any CPU
		{1739CF12-68D9-4FD5-B716-AC8EE746AF29}.Release|Any CPU.Build.0 = Release|Any CPU
		{1E2740F1-CE0C-49FF-9824-D639820F7341}.Debug|Any CPU.ActiveCfg = Debug|Any CPU
		{1E2740F1-CE0C-49FF-9824-D639820F7341}.Debug|Any CPU.Build.0 = Debug|Any CPU
		{1E2740F1-CE0C-49FF-9824-D639820F7341}.Release|Any CPU.ActiveCfg = Release|Any CPU
		{1E2740F1-CE0C-49FF-9824-D639820F7341}.Release|Any CPU.Build.0 = Release|Any CPU
		{E00C3E53-2BDA-4E5A-80B4-F6CC9D17FC0A}.Debug|Any CPU.ActiveCfg = Debug|Any CPU
		{E00C3E53-2BDA-4E5A-80B4-F6CC9D17FC0A}.Debug|Any CPU.Build.0 = Debug|Any CPU
		{E00C3E53-2BDA-4E5A-80B4-F6CC9D17FC0A}.Release|Any CPU.ActiveCfg = Release|Any CPU
		{E00C3E53-2BDA-4E5A-80B4-F6CC9D17FC0A}.Release|Any CPU.Build.0 = Release|Any CPU
		{046A8F86-02EE-49D0-BAC0-71C46C323CB6}.Debug|Any CPU.ActiveCfg = Debug|Any CPU
		{046A8F86-02EE-49D0-BAC0-71C46C323CB6}.Debug|Any CPU.Build.0 = Debug|Any CPU
		{046A8F86-02EE-49D0-BAC0-71C46C323CB6}.Release|Any CPU.ActiveCfg = Release|Any CPU
		{046A8F86-02EE-49D0-BAC0-71C46C323CB6}.Release|Any CPU.Build.0 = Release|Any CPU
		{92449AA8-7641-448A-9763-6EF23055E408}.Debug|Any CPU.ActiveCfg = Debug|Any CPU
		{92449AA8-7641-448A-9763-6EF23055E408}.Debug|Any CPU.Build.0 = Debug|Any CPU
		{92449AA8-7641-448A-9763-6EF23055E408}.Release|Any CPU.ActiveCfg = Release|Any CPU
		{92449AA8-7641-448A-9763-6EF23055E408}.Release|Any CPU.Build.0 = Release|Any CPU
		{CE45E190-5585-494B-AC13-A3525D003715}.Debug|Any CPU.ActiveCfg = Debug|Any CPU
		{CE45E190-5585-494B-AC13-A3525D003715}.Debug|Any CPU.Build.0 = Debug|Any CPU
		{CE45E190-5585-494B-AC13-A3525D003715}.Release|Any CPU.ActiveCfg = Release|Any CPU
		{CE45E190-5585-494B-AC13-A3525D003715}.Release|Any CPU.Build.0 = Release|Any CPU
		{740DECB6-55C3-4C6D-9AA4-DB259CB875F6}.Debug|Any CPU.ActiveCfg = Debug|Any CPU
		{740DECB6-55C3-4C6D-9AA4-DB259CB875F6}.Debug|Any CPU.Build.0 = Debug|Any CPU
		{740DECB6-55C3-4C6D-9AA4-DB259CB875F6}.Release|Any CPU.ActiveCfg = Release|Any CPU
		{740DECB6-55C3-4C6D-9AA4-DB259CB875F6}.Release|Any CPU.Build.0 = Release|Any CPU
		{347B281A-C7AC-453A-A360-B4AFFB66E320}.Debug|Any CPU.ActiveCfg = Debug|Any CPU
		{347B281A-C7AC-453A-A360-B4AFFB66E320}.Debug|Any CPU.Build.0 = Debug|Any CPU
		{347B281A-C7AC-453A-A360-B4AFFB66E320}.Release|Any CPU.ActiveCfg = Release|Any CPU
		{347B281A-C7AC-453A-A360-B4AFFB66E320}.Release|Any CPU.Build.0 = Release|Any CPU
		{002103FC-7BD3-444B-96B3-C6B12FF6A2E9}.Debug|Any CPU.ActiveCfg = Debug|Any CPU
		{002103FC-7BD3-444B-96B3-C6B12FF6A2E9}.Debug|Any CPU.Build.0 = Debug|Any CPU
		{002103FC-7BD3-444B-96B3-C6B12FF6A2E9}.Release|Any CPU.ActiveCfg = Release|Any CPU
		{002103FC-7BD3-444B-96B3-C6B12FF6A2E9}.Release|Any CPU.Build.0 = Release|Any CPU
		{7B918F02-EDC2-4B41-9892-8E56036ED30B}.Debug|Any CPU.ActiveCfg = Debug|Any CPU
		{7B918F02-EDC2-4B41-9892-8E56036ED30B}.Debug|Any CPU.Build.0 = Debug|Any CPU
		{7B918F02-EDC2-4B41-9892-8E56036ED30B}.Release|Any CPU.ActiveCfg = Release|Any CPU
		{7B918F02-EDC2-4B41-9892-8E56036ED30B}.Release|Any CPU.Build.0 = Release|Any CPU
		{61C5E8E5-6462-46C7-BCDF-9851A7543620}.Debug|Any CPU.ActiveCfg = Debug|Any CPU
		{61C5E8E5-6462-46C7-BCDF-9851A7543620}.Debug|Any CPU.Build.0 = Debug|Any CPU
		{61C5E8E5-6462-46C7-BCDF-9851A7543620}.Release|Any CPU.ActiveCfg = Release|Any CPU
		{61C5E8E5-6462-46C7-BCDF-9851A7543620}.Release|Any CPU.Build.0 = Release|Any CPU
		{CBCDE437-F045-4BF1-B538-36977E6883D2}.Debug|Any CPU.ActiveCfg = Debug|Any CPU
		{CBCDE437-F045-4BF1-B538-36977E6883D2}.Debug|Any CPU.Build.0 = Debug|Any CPU
		{CBCDE437-F045-4BF1-B538-36977E6883D2}.Release|Any CPU.ActiveCfg = Release|Any CPU
		{CBCDE437-F045-4BF1-B538-36977E6883D2}.Release|Any CPU.Build.0 = Release|Any CPU
		{B8409B6E-CEBD-4FB9-9D1E-04565A6C1D15}.Debug|Any CPU.ActiveCfg = Debug|Any CPU
		{B8409B6E-CEBD-4FB9-9D1E-04565A6C1D15}.Debug|Any CPU.Build.0 = Debug|Any CPU
		{B8409B6E-CEBD-4FB9-9D1E-04565A6C1D15}.Release|Any CPU.ActiveCfg = Release|Any CPU
		{B8409B6E-CEBD-4FB9-9D1E-04565A6C1D15}.Release|Any CPU.Build.0 = Release|Any CPU
		{8A38B5F5-426D-4F45-A690-CB0C8859A497}.Debug|Any CPU.ActiveCfg = Debug|Any CPU
		{8A38B5F5-426D-4F45-A690-CB0C8859A497}.Debug|Any CPU.Build.0 = Debug|Any CPU
		{8A38B5F5-426D-4F45-A690-CB0C8859A497}.Release|Any CPU.ActiveCfg = Release|Any CPU
		{8A38B5F5-426D-4F45-A690-CB0C8859A497}.Release|Any CPU.Build.0 = Release|Any CPU
		{D4B15045-2F9F-4931-94CD-580CC6A9EE5C}.Debug|Any CPU.ActiveCfg = Debug|Any CPU
		{D4B15045-2F9F-4931-94CD-580CC6A9EE5C}.Debug|Any CPU.Build.0 = Debug|Any CPU
		{D4B15045-2F9F-4931-94CD-580CC6A9EE5C}.Release|Any CPU.ActiveCfg = Release|Any CPU
		{D4B15045-2F9F-4931-94CD-580CC6A9EE5C}.Release|Any CPU.Build.0 = Release|Any CPU
		{D33A9B67-9E0F-4CCC-A9BE-D47477D54276}.Debug|Any CPU.ActiveCfg = Debug|Any CPU
		{D33A9B67-9E0F-4CCC-A9BE-D47477D54276}.Debug|Any CPU.Build.0 = Debug|Any CPU
		{D33A9B67-9E0F-4CCC-A9BE-D47477D54276}.Release|Any CPU.ActiveCfg = Release|Any CPU
		{D33A9B67-9E0F-4CCC-A9BE-D47477D54276}.Release|Any CPU.Build.0 = Release|Any CPU
		{7085D4FE-04B4-4584-B123-4A998861B337}.Debug|Any CPU.ActiveCfg = Debug|Any CPU
		{7085D4FE-04B4-4584-B123-4A998861B337}.Debug|Any CPU.Build.0 = Debug|Any CPU
		{7085D4FE-04B4-4584-B123-4A998861B337}.Release|Any CPU.ActiveCfg = Release|Any CPU
		{7085D4FE-04B4-4584-B123-4A998861B337}.Release|Any CPU.Build.0 = Release|Any CPU
		{AF720832-E5F7-4962-915F-97B15B77D542}.Debug|Any CPU.ActiveCfg = Debug|Any CPU
		{AF720832-E5F7-4962-915F-97B15B77D542}.Debug|Any CPU.Build.0 = Debug|Any CPU
		{AF720832-E5F7-4962-915F-97B15B77D542}.Release|Any CPU.ActiveCfg = Release|Any CPU
		{AF720832-E5F7-4962-915F-97B15B77D542}.Release|Any CPU.Build.0 = Release|Any CPU
		{0378B0BC-E06F-45F4-A2F2-7EAEE6F8C57B}.Debug|Any CPU.ActiveCfg = Debug|Any CPU
		{0378B0BC-E06F-45F4-A2F2-7EAEE6F8C57B}.Debug|Any CPU.Build.0 = Debug|Any CPU
		{0378B0BC-E06F-45F4-A2F2-7EAEE6F8C57B}.Release|Any CPU.ActiveCfg = Release|Any CPU
		{0378B0BC-E06F-45F4-A2F2-7EAEE6F8C57B}.Release|Any CPU.Build.0 = Release|Any CPU
		{F3F4AFA1-997E-4072-B301-22E069BCB4A5}.Debug|Any CPU.ActiveCfg = Debug|Any CPU
		{F3F4AFA1-997E-4072-B301-22E069BCB4A5}.Debug|Any CPU.Build.0 = Debug|Any CPU
		{F3F4AFA1-997E-4072-B301-22E069BCB4A5}.Release|Any CPU.ActiveCfg = Release|Any CPU
		{F3F4AFA1-997E-4072-B301-22E069BCB4A5}.Release|Any CPU.Build.0 = Release|Any CPU
		{553CE1A0-B5D5-4FD8-888B-DA6FB0831816}.Debug|Any CPU.ActiveCfg = Debug|Any CPU
		{553CE1A0-B5D5-4FD8-888B-DA6FB0831816}.Debug|Any CPU.Build.0 = Debug|Any CPU
		{553CE1A0-B5D5-4FD8-888B-DA6FB0831816}.Release|Any CPU.ActiveCfg = Release|Any CPU
		{553CE1A0-B5D5-4FD8-888B-DA6FB0831816}.Release|Any CPU.Build.0 = Release|Any CPU
	EndGlobalSection
	GlobalSection(SolutionProperties) = preSolution
		HideSolutionNode = FALSE
	EndGlobalSection
	GlobalSection(NestedProjects) = preSolution
		{CCE9F353-FBCE-4FD9-951D-0FC25D0B9C8B} = {73B6EFAE-866B-49D7-BE8D-169949F92EB3}
		{48E96D8A-FC0B-4A53-8D58-4DFA958ABA2E} = {73B6EFAE-866B-49D7-BE8D-169949F92EB3}
		{DF4D8795-0521-43B9-97B7-AE0AC8102396} = {73B6EFAE-866B-49D7-BE8D-169949F92EB3}
		{AAEE5CD7-93A5-4120-BE11-36399EEF1178} = {73B6EFAE-866B-49D7-BE8D-169949F92EB3}
		{4889A404-6218-4481-978A-B0E4C884A8FA} = {73B6EFAE-866B-49D7-BE8D-169949F92EB3}
		{02E56BE2-ACF2-4DD3-9BCF-3F24DD598D2E} = {B6CAA534-95CC-4149-8213-B6BE723A9F03}
		{016E0338-E375-404A-94F7-EEC978A1B040} = {B6CAA534-95CC-4149-8213-B6BE723A9F03}
		{1739CF12-68D9-4FD5-B716-AC8EE746AF29} = {B6CAA534-95CC-4149-8213-B6BE723A9F03}
		{1E2740F1-CE0C-49FF-9824-D639820F7341} = {B6CAA534-95CC-4149-8213-B6BE723A9F03}
		{E00C3E53-2BDA-4E5A-80B4-F6CC9D17FC0A} = {B6CAA534-95CC-4149-8213-B6BE723A9F03}
		{046A8F86-02EE-49D0-BAC0-71C46C323CB6} = {2CDB0969-410C-4A2F-8090-955AF106CF14}
		{92449AA8-7641-448A-9763-6EF23055E408} = {24DB1EF6-F027-444A-9B4E-AA3D39558480}
		{CE45E190-5585-494B-AC13-A3525D003715} = {A65D29CB-09EB-4C16-96F6-F20C9772A401}
		{740DECB6-55C3-4C6D-9AA4-DB259CB875F6} = {A65D29CB-09EB-4C16-96F6-F20C9772A401}
		{347B281A-C7AC-453A-A360-B4AFFB66E320} = {A65D29CB-09EB-4C16-96F6-F20C9772A401}
		{002103FC-7BD3-444B-96B3-C6B12FF6A2E9} = {A65D29CB-09EB-4C16-96F6-F20C9772A401}
		{7B918F02-EDC2-4B41-9892-8E56036ED30B} = {A65D29CB-09EB-4C16-96F6-F20C9772A401}
		{61C5E8E5-6462-46C7-BCDF-9851A7543620} = {A65D29CB-09EB-4C16-96F6-F20C9772A401}
		{CBCDE437-F045-4BF1-B538-36977E6883D2} = {A65D29CB-09EB-4C16-96F6-F20C9772A401}
		{B8409B6E-CEBD-4FB9-9D1E-04565A6C1D15} = {A65D29CB-09EB-4C16-96F6-F20C9772A401}
		{8A38B5F5-426D-4F45-A690-CB0C8859A497} = {A65D29CB-09EB-4C16-96F6-F20C9772A401}
		{D4B15045-2F9F-4931-94CD-580CC6A9EE5C} = {A65D29CB-09EB-4C16-96F6-F20C9772A401}
		{D33A9B67-9E0F-4CCC-A9BE-D47477D54276} = {A65D29CB-09EB-4C16-96F6-F20C9772A401}
		{7085D4FE-04B4-4584-B123-4A998861B337} = {A65D29CB-09EB-4C16-96F6-F20C9772A401}
		{AF720832-E5F7-4962-915F-97B15B77D542} = {A65D29CB-09EB-4C16-96F6-F20C9772A401}
		{0378B0BC-E06F-45F4-A2F2-7EAEE6F8C57B} = {A65D29CB-09EB-4C16-96F6-F20C9772A401}
		{F3F4AFA1-997E-4072-B301-22E069BCB4A5} = {A65D29CB-09EB-4C16-96F6-F20C9772A401}
		{553CE1A0-B5D5-4FD8-888B-DA6FB0831816} = {A65D29CB-09EB-4C16-96F6-F20C9772A401}
	EndGlobalSection
	GlobalSection(ExtensibilityGlobals) = postSolution
		SolutionGuid = {7360B472-268F-4CFA-8242-3AF4FF786C67}
	EndGlobalSection
EndGlobal
